
Microsoft Visual Studio Solution File, Format Version 12.00
# Visual Studio Version 16
VisualStudioVersion = 16.0.32602.291
MinimumVisualStudioVersion = 10.0.40219.1
Project("{FAE04EC0-301F-11D3-BF4B-00C04F79EFBC}") = "DaimaProje2", "DaimaProje2\DaimaProje2.csproj", "{58924ECF-79A2-406F-9DB3-39C0B9375464}"
EndProject
Global
	GlobalSection(SolutionConfigurationPlatforms) = preSolution
		Debug|Any CPU = Debug|Any CPU
		Release|Any CPU = Release|Any CPU
	EndGlobalSection
	GlobalSection(ProjectConfigurationPlatforms) = postSolution
		{58924ECF-79A2-406F-9DB3-39C0B9375464}.Debug|Any CPU.ActiveCfg = Debug|Any CPU
		{58924ECF-79A2-406F-9DB3-39C0B9375464}.Debug|Any CPU.Build.0 = Debug|Any CPU
		{58924ECF-79A2-406F-9DB3-39C0B9375464}.Release|Any CPU.ActiveCfg = Release|Any CPU
		{58924ECF-79A2-406F-9DB3-39C0B9375464}.Release|Any CPU.Build.0 = Release|Any CPU
	EndGlobalSection
	GlobalSection(SolutionProperties) = preSolution
		HideSolutionNode = FALSE
	EndGlobalSection
	GlobalSection(ExtensibilityGlobals) = postSolution
		SolutionGuid = {826F47F6-E7CA-4257-9CA6-A248E96F0F82}
	EndGlobalSection
EndGlobal
